lockfileVersion: '9.0'

settings:
  autoInstallPeers: true
  excludeLinksFromLockfile: false

importers:

  .:
    dependencies:
      cs16-client:
        specifier: latest
        version: 0.1.2
      xash3d-fwgs:
        specifier: latest
        version: 1.2.1

packages:

  cs16-client@0.1.2:
    resolution: {integrity: sha512-0u4YL72tBOqowMpPuCg16TwJBk6vLRmWZiKDVejTB32gb6gmyRicnzQmzUi4r9sUctuzJmvwlYyEEgYFsOizjw==}

  xash3d-fwgs@1.2.1:
    resolution: {integrity: sha512-2QMi89UkQ7bvYs0rB6h1mHSYY63TZYsstwx8L3lMkVLLJxL0d/peZYyb6gbb4+BRRrYEzGMLNsIshsXCw3HnLw==}

snapshots:

  cs16-client@0.1.2: {}

  xash3d-fwgs@1.2.1: {}
