lockfileVersion: '9.0'

settings:
  autoInstallPeers: true
  excludeLinksFromLockfile: false

importers:

  .:
    dependencies:
      hlsdk-portable:
        specifier: latest
        version: 0.1.2
      xash3d-fwgs:
        specifier: latest
        version: 1.2.1

packages:

  hlsdk-portable@0.1.2:
    resolution: {integrity: sha512-UqHnJrdmNPdjHOULbpNFF/kL3bazbWzpKdv8o349FHG5ztvdl+YTg6qbuhRMDOnPt/4KmIRfCDQnt9cNCafTUQ==}

  xash3d-fwgs@1.2.1:
    resolution: {integrity: sha512-2QMi89UkQ7bvYs0rB6h1mHSYY63TZYsstwx8L3lMkVLLJxL0d/peZYyb6gbb4+BRRrYEzGMLNsIshsXCw3HnLw==}

snapshots:

  hlsdk-portable@0.1.2: {}

  xash3d-fwgs@1.2.1: {}
